
Microsoft Visual Studio Solution File, Format Version 12.00
# Visual Studio Version 17
VisualStudioVersion = 17.9.34701.34
MinimumVisualStudioVersion = 10.0.40219.1
Project("{FAE04EC0-301F-11D3-BF4B-00C04F79EFBC}") = "Client", "RisovanieUDP\Client.csproj", "{D337D4EE-A20A-4A49-AEAE-F5751E537B45}"
EndProject
Project("{FAE04EC0-301F-11D3-BF4B-00C04F79EFBC}") = "ServerUDP", "ServerUDP\ServerUDP.csproj", "{514E4D08-E397-4920-8DFC-D4717CC4C92D}"
EndProject
Global
	GlobalSection(SolutionConfigurationPlatforms) = preSolution
		Debug|Any CPU = Debug|Any CPU
		Release|Any CPU = Release|Any CPU
	EndGlobalSection
	GlobalSection(ProjectConfigurationPlatforms) = postSolution
		{D337D4EE-A20A-4A49-AEAE-F5751E537B45}.Debug|Any CPU.ActiveCfg = Debug|Any CPU
		{D337D4EE-A20A-4A49-AEAE-F5751E537B45}.Debug|Any CPU.Build.0 = Debug|Any CPU
		{D337D4EE-A20A-4A49-AEAE-F5751E537B45}.Release|Any CPU.ActiveCfg = Release|Any CPU
		{D337D4EE-A20A-4A49-AEAE-F5751E537B45}.Release|Any CPU.Build.0 = Release|Any CPU
		{514E4D08-E397-4920-8DFC-D4717CC4C92D}.Debug|Any CPU.ActiveCfg = Debug|Any CPU
		{514E4D08-E397-4920-8DFC-D4717CC4C92D}.Debug|Any CPU.Build.0 = Debug|Any CPU
		{514E4D08-E397-4920-8DFC-D4717CC4C92D}.Release|Any CPU.ActiveCfg = Release|Any CPU
		{514E4D08-E397-4920-8DFC-D4717CC4C92D}.Release|Any CPU.Build.0 = Release|Any CPU
	EndGlobalSection
	GlobalSection(SolutionProperties) = preSolution
		HideSolutionNode = FALSE
	EndGlobalSection
	GlobalSection(ExtensibilityGlobals) = postSolution
		SolutionGuid = {8D4535DE-D4FD-44CA-BEFE-C1ABB1600C76}
	EndGlobalSection
EndGlobal
